PODS:
  - FSPagerView.RxSwift (0.0.1):
    - FSPagerView.RxSwift/FSPagerView (= 0.0.1)
    - FSPagerView.RxSwift/RxSwift (= 0.0.1)
  - FSPagerView.RxSwift/FSPagerView (0.0.1)
  - FSPagerView.RxSwift/RxSwift (0.0.1):
    - FSPagerView.RxSwift/FSPagerView
    - RxCocoa
    - RxSwift
  - RxCocoa (6.2.0):
    - RxRelay (= 6.2.0)
    - RxSwift (= 6.2.0)
  - RxRelay (6.2.0):
    - RxSwift (= 6.2.0)
  - RxSwift (6.2.0)

DEPENDENCIES:
  - FSPagerView.RxSwift (from `..`)

SPEC REPOS:
  trunk:
    - RxCocoa
    - RxRelay
    - RxSwift

EXTERNAL SOURCES:
  FSPagerView.RxSwift:
    :path: ".."

SPEC CHECKSUMS:
  FSPagerView.RxSwift: 585dddf1379e35ea1e076701f56fede1532dd509
  RxCocoa: 4baf94bb35f2c0ab31bc0cb9f1900155f646ba42
  RxRelay: e72dbfd157807478401ef1982e1c61c945c94b2f
  RxSwift: d356ab7bee873611322f134c5f9ef379fa183d8f

PODFILE CHECKSUM: 709215c180bd6f689995f14651d077ce894f86c1

COCOAPODS: 1.11.2
